
Microsoft Visual Studio Solution File, Format Version 12.00
# Visual Studio Version 17
VisualStudioVersion = 17.3.32819.101
MinimumVisualStudioVersion = 10.0.40219.1
Project("{FAE04EC0-301F-11D3-BF4B-00C04F79EFBC}") = "L0002B_Uppgift_1_Windows_Forms_App_.NET", "L0002B_Uppgift_1_Windows_Forms_App_.NET.csproj", "{BFA0FA8C-96F8-4F0E-9DAE-244F25EE72DB}"
EndProject
Global
	GlobalSection(SolutionConfigurationPlatforms) = preSolution
		Debug|Any CPU = Debug|Any CPU
		Release|Any CPU = Release|Any CPU
	EndGlobalSection
	GlobalSection(ProjectConfigurationPlatforms) = postSolution
		{BFA0FA8C-96F8-4F0E-9DAE-244F25EE72DB}.Debug|Any CPU.ActiveCfg = Debug|Any CPU
		{BFA0FA8C-96F8-4F0E-9DAE-244F25EE72DB}.Debug|Any CPU.Build.0 = Debug|Any CPU
		{BFA0FA8C-96F8-4F0E-9DAE-244F25EE72DB}.Release|Any CPU.ActiveCfg = Release|Any CPU
		{BFA0FA8C-96F8-4F0E-9DAE-244F25EE72DB}.Release|Any CPU.Build.0 = Release|Any CPU
	EndGlobalSection
	GlobalSection(SolutionProperties) = preSolution
		HideSolutionNode = FALSE
	EndGlobalSection
	GlobalSection(ExtensibilityGlobals) = postSolution
		SolutionGuid = {69DD48DF-0D67-426E-B5CF-CA3BB53EDB70}
	EndGlobalSection
EndGlobal
